// !$*UTF8*$!
{
	archiveVersion = 1;
	classes = {
	};
	objectVersion = 63;
	objects = {

/* Begin PBXBuildFile section */
		00E356F31AD99517003FC87E /* MaharaMobileTests.m in Sources */ = {isa = PBXBuildFile; fileRef = 00E356F21AD99517003FC87E /* MaharaMobileTests.m */; };
		021D593583724F88B3D5B128 /* OpenSansBoldItalic.ttf in Resources */ = {isa = PBXBuildFile; fileRef = 364A4348F78748FD90BA80B6 /* OpenSansBoldItalic.ttf */; };
		08511F78A2434F679703D283 /* Ionicons.ttf in Resources */ = {isa = PBXBuildFile; fileRef = 35014FC7B44B4C33A3A8389B /* Ionicons.ttf */; };
		1346B3D28BC6481A9D43FB37 /* FontAwesome5_Brands.ttf in Resources */ = {isa = PBXBuildFile; fileRef = 37895B83A2C94FED9234D444 /* FontAwesome5_Brands.ttf */; };
		13B07FBC1A68108700A75B9A /* AppDelegate.mm in Sources */ = {isa = PBXBuildFile; fileRef = 13B07FB01A68108700A75B9A /* AppDelegate.mm */; };
		13B07FC11A68108700A75B9A /* main.m in Sources */ = {isa = PBXBuildFile; fileRef = 13B07FB71A68108700A75B9A /* main.m */; };
		180390FC3BAA452B8AE0F790 /* OpenSans-SemiBold.ttf in Resources */ = {isa = PBXBuildFile; fileRef = FBCB9810178F4F6798C2B232 /* OpenSans-SemiBold.ttf */; };
		2787CE05ADA3430E93BA2A5D /* Zocial.ttf in Resources */ = {isa = PBXBuildFile; fileRef = EBBE8A15870642BC9282AD3A /* Zocial.ttf */; };
		2CF05F7DC1354C64BC21655F /* SimpleLineIcons.ttf in Resources */ = {isa = PBXBuildFile; fileRef = 328FBEFB15DE4F21A5448C34 /* SimpleLineIcons.ttf */; };
		3410530B57144A2F83BA5B67 /* Feather.ttf in Resources */ = {isa = PBXBuildFile; fileRef = 28F5644ACA174673907EBAEC /* Feather.ttf */; };
		37C9932773C44C3785FEEB4D /* OpenSansBold.ttf in Resources */ = {isa = PBXBuildFile; fileRef = E2DD256098AD4FCFB0B4A37F /* OpenSansBold.ttf */; };
		4C48790943AC48A6BDBAB0B3 /* OpenSans-MediumItalic.ttf in Resources */ = {isa = PBXBuildFile; fileRef = 2A5D6016C8704B81914D253B /* OpenSans-MediumItalic.ttf */; };
		51D880020FD6480884265C4D /* OpenSans-SemiBoldItalic.ttf in Resources */ = {isa = PBXBuildFile; fileRef = B13AF9DB995F4C598674E857 /* OpenSans-SemiBoldItalic.ttf */; };
		5397915B0E26424E472D2E95 /* libPods-MaharaMobile-MaharaMobileTests.a in Frameworks */ = {isa = PBXBuildFile; fileRef = 35A503D5E3E2BBFD723E22C0 /* libPods-MaharaMobile-MaharaMobileTests.a */; };
		56FADE549516424BB784A99D /* OpenSans-ExtraBoldItalic.ttf in Resources */ = {isa = PBXBuildFile; fileRef = BAC6A098F83341AEB8D5706C /* OpenSans-ExtraBoldItalic.ttf */; };
		6132EF182BDFF13200BBE14D /* PrivacyInfo.xcprivacy in Resources */ = {isa = PBXBuildFile; fileRef = 6132EF172BDFF13200BBE14D /* PrivacyInfo.xcprivacy */; };
		6C7110E84C97497680E70C5F /* OpenSans-Light.ttf in Resources */ = {isa = PBXBuildFile; fileRef = 3AA94E1FC8634EB4A2A479DC /* OpenSans-Light.ttf */; };
		7F6DE38397AB45A1BA35515F /* MaterialCommunityIcons.ttf in Resources */ = {isa = PBXBuildFile; fileRef = 2C2DE8B204B049DB912350D4 /* MaterialCommunityIcons.ttf */; };
		87A539E1E5CE456299D73BB1 /* OpenSans-Regular.ttf in Resources */ = {isa = PBXBuildFile; fileRef = 3E2C120EAA984C12BF8969E2 /* OpenSans-Regular.ttf */; };
		8DC1565CD1ED4268BE46A7EC /* OpenSans-LightItalic.ttf in Resources */ = {isa = PBXBuildFile; fileRef = 27BF2509563D451CBBCDFD79 /* OpenSans-LightItalic.ttf */; };
		8E3FB52CB5E442979CE6C221 /* AntDesign.ttf in Resources */ = {isa = PBXBuildFile; fileRef = 9CCAEFEA48AD45648BD1D378 /* AntDesign.ttf */; };
		98135D746210466297DA04B6 /* OpenSans-ExtraBold.ttf in Resources */ = {isa = PBXBuildFile; fileRef = 5B4299AEC2AF4286ACF98357 /* OpenSans-ExtraBold.ttf */; };
		99D6EA203ED84DEBB49756CC /* FontAwesome5_Solid.ttf in Resources */ = {isa = PBXBuildFile; fileRef = 43C29AA630AD4EEBAF48314A /* FontAwesome5_Solid.ttf */; };
		A3021896EDE74AB3B0FCFFA9 /* Fontisto.ttf in Resources */ = {isa = PBXBuildFile; fileRef = 48AABEF3907D48FDB081B17E /* Fontisto.ttf */; };
		C003C140F79F497BAA44FC0D /* FontAwesome.ttf in Resources */ = {isa = PBXBuildFile; fileRef = DDADBDFE35FC49609EBF4A77 /* FontAwesome.ttf */; };
		C09F7B81E1194314ABF96878 /* OpenSans-Italic.ttf in Resources */ = {isa = PBXBuildFile; fileRef = 7462BB8D4DB64C96B7302227 /* OpenSans-Italic.ttf */; };
		C1968742F2E64B82AFCFB57A /* FontAwesome5_Regular.ttf in Resources */ = {isa = PBXBuildFile; fileRef = 79D597EE8CF44F7996101000 /* FontAwesome5_Regular.ttf */; };
		C93C86395A304707A8EF148C /* Octicons.ttf in Resources */ = {isa = PBXBuildFile; fileRef = E707529DD5084765B4CCA2E3 /* Octicons.ttf */; };
		D54792FA0EA7427786616ED2 /* OpenSans-Medium.ttf in Resources */ = {isa = PBXBuildFile; fileRef = C5D766EC57F542CBB9DE7202 /* OpenSans-Medium.ttf */; };
		DC909BC5D8A8D8C7113FE0A9 /* libPods-MaharaMobile.a in Frameworks */ = {isa = PBXBuildFile; fileRef = 74F2FA2414EB595CC62EE498 /* libPods-MaharaMobile.a */; };
		E3788F9245764F24B2AE84E8 /* Entypo.ttf in Resources */ = {isa = PBXBuildFile; fileRef = 9666FE5C621A4E85A0660147 /* Entypo.ttf */; };
		E5D92AAF296F6FA600DE8DC6 /* Images.xcassets in Resources */ = {isa = PBXBuildFile; fileRef = E5D92AAE296F6FA600DE8DC6 /* Images.xcassets */; };
		E5D92AB1296F8A3200DE8DC6 /* Images.xcassets in Resources */ = {isa = PBXBuildFile; fileRef = E5D92AAE296F6FA600DE8DC6 /* Images.xcassets */; };
		EB602CD1DF014C9894E25AD6 /* Foundation.ttf in Resources */ = {isa = PBXBuildFile; fileRef = 3F098FA2DAFA42FE9EF2F30A /* Foundation.ttf */; };
		EDC4C88E99A041BAAC8791B9 /* MaterialIcons.ttf in Resources */ = {isa = PBXBuildFile; fileRef = 2E409406827544E186DA900F /* MaterialIcons.ttf */; };
		F54C773C28264399845DE15F /* EvilIcons.ttf in Resources */ = {isa = PBXBuildFile; fileRef = 5AB74F03147F40B798D96073 /* EvilIcons.ttf */; };
/* End PBXBuildFile section */

/* Begin PBXContainerItemProxy section */
		00E356F41AD99517003FC87E /* PBXContainerItemProxy */ = {
			isa = PBXContainerItemProxy;
			containerPortal = 83CBB9F71A601CBA00E9B192 /* Project object */;
			proxyType = 1;
			remoteGlobalIDString = 13B07F861A680F5B00A75B9A;
			remoteInfo = MaharaMobile;
		};
/* End PBXContainerItemProxy section */

/* Begin PBXFileReference section */
		00E356EE1AD99517003FC87E /* MaharaMobileTests.xctest */ = {isa = PBXFileReference; explicitFileType = wrapper.cfbundle; includeInIndex = 0; path = MaharaMobileTests.xctest; sourceTree = BUILT_PRODUCTS_DIR; };
		00E356F11AD99517003FC87E /* Info.plist */ = {isa = PBXFileReference; lastKnownFileType = text.plist.xml; path = Info.plist; sourceTree = "<group>"; };
		00E356F21AD99517003FC87E /* MaharaMobileTests.m */ = {isa = PBXFileReference; lastKnownFileType = sourcecode.c.objc; path = MaharaMobileTests.m; sourceTree = "<group>"; };
		03B279D5E399159AD0514A44 /* Pods-MaharaMobile.debug.xcconfig */ = {isa = PBXFileReference; includeInIndex = 1; lastKnownFileType = text.xcconfig; name = "Pods-MaharaMobile.debug.xcconfig"; path = "Target Support Files/Pods-MaharaMobile/Pods-MaharaMobile.debug.xcconfig"; sourceTree = "<group>"; };
		07E072E407B44E18B5DAF098 /* Zocial.ttf */ = {isa = PBXFileReference; explicitFileType = undefined; fileEncoding = 9; includeInIndex = 0; lastKnownFileType = unknown; name = Zocial.ttf; path = ../android/app/src/main/assets/fonts/Zocial.ttf; sourceTree = "<group>"; };
		09A3E801D5A0497EAF82B6D0 /* Fontisto.ttf */ = {isa = PBXFileReference; explicitFileType = undefined; fileEncoding = 9; includeInIndex = 0; lastKnownFileType = unknown; name = Fontisto.ttf; path = ../android/app/src/main/assets/fonts/Fontisto.ttf; sourceTree = "<group>"; };
		0BDDA8E3A0AC4CF7A061A34B /* EvilIcons.ttf */ = {isa = PBXFileReference; explicitFileType = undefined; fileEncoding = 9; includeInIndex = 0; lastKnownFileType = unknown; name = EvilIcons.ttf; path = ../android/app/src/main/assets/fonts/EvilIcons.ttf; sourceTree = "<group>"; };
		13B07F961A680F5B00A75B9A /* MaharaMobile.app */ = {isa = PBXFileReference; explicitFileType = wrapper.application; includeInIndex = 0; path = MaharaMobile.app; sourceTree = BUILT_PRODUCTS_DIR; };
		13B07FAF1A68108700A75B9A /* AppDelegate.h */ = {isa = PBXFileReference; fileEncoding = 4; lastKnownFileType = sourcecode.c.h; name = AppDelegate.h; path = MaharaMobile/AppDelegate.h; sourceTree = "<group>"; };
		13B07FB01A68108700A75B9A /* AppDelegate.mm */ = {isa = PBXFileReference; fileEncoding = 4; lastKnownFileType = sourcecode.cpp.objcpp; name = AppDelegate.mm; path = MaharaMobile/AppDelegate.mm; sourceTree = "<group>"; };
		13B07FB61A68108700A75B9A /* Info.plist */ = {isa = PBXFileReference; fileEncoding = 4; lastKnownFileType = text.plist.xml; name = Info.plist; path = MaharaMobile/Info.plist; sourceTree = "<group>"; };
		13B07FB71A68108700A75B9A /* main.m */ = {isa = PBXFileReference; fileEncoding = 4; lastKnownFileType = sourcecode.c.objc; name = main.m; path = MaharaMobile/main.m; sourceTree = "<group>"; };
		141134BC0FBE413EB637DA90 /* Octicons.ttf */ = {isa = PBXFileReference; explicitFileType = undefined; fileEncoding = 9; includeInIndex = 0; lastKnownFileType = unknown; name = Octicons.ttf; path = ../android/app/src/main/assets/fonts/Octicons.ttf; sourceTree = "<group>"; };
		18BCE6AD2C97E29A286E93C4 /* Pods-MaharaMobile.release.xcconfig */ = {isa = PBXFileReference; includeInIndex = 1; lastKnownFileType = text.xcconfig; name = "Pods-MaharaMobile.release.xcconfig"; path = "Target Support Files/Pods-MaharaMobile/Pods-MaharaMobile.release.xcconfig"; sourceTree = "<group>"; };
		27BF2509563D451CBBCDFD79 /* OpenSans-LightItalic.ttf */ = {isa = PBXFileReference; explicitFileType = undefined; fileEncoding = 9; includeInIndex = 0; lastKnownFileType = unknown; name = "OpenSans-LightItalic.ttf"; path = "../assets/fonts/OpenSans-LightItalic.ttf"; sourceTree = "<group>"; };
		28F5644ACA174673907EBAEC /* Feather.ttf */ = {isa = PBXFileReference; explicitFileType = undefined; fileEncoding = 9; includeInIndex = 0; lastKnownFileType = unknown; name = Feather.ttf; path = ../assets/fonts/Feather.ttf; sourceTree = "<group>"; };
		2A5D6016C8704B81914D253B /* OpenSans-MediumItalic.ttf */ = {isa = PBXFileReference; explicitFileType = undefined; fileEncoding = 9; includeInIndex = 0; lastKnownFileType = unknown; name = "OpenSans-MediumItalic.ttf"; path = "../assets/fonts/OpenSans-MediumItalic.ttf"; sourceTree = "<group>"; };
		2C2DE8B204B049DB912350D4 /* MaterialCommunityIcons.ttf */ = {isa = PBXFileReference; explicitFileType = undefined; fileEncoding = 9; includeInIndex = 0; lastKnownFileType = unknown; name = MaterialCommunityIcons.ttf; path = ../assets/fonts/MaterialCommunityIcons.ttf; sourceTree = "<group>"; };
		2E409406827544E186DA900F /* MaterialIcons.ttf */ = {isa = PBXFileReference; explicitFileType = undefined; fileEncoding = 9; includeInIndex = 0; lastKnownFileType = unknown; name = MaterialIcons.ttf; path = ../assets/fonts/MaterialIcons.ttf; sourceTree = "<group>"; };
		328FBEFB15DE4F21A5448C34 /* SimpleLineIcons.ttf */ = {isa = PBXFileReference; explicitFileType = undefined; fileEncoding = 9; includeInIndex = 0; lastKnownFileType = unknown; name = SimpleLineIcons.ttf; path = ../assets/fonts/SimpleLineIcons.ttf; sourceTree = "<group>"; };
		35014FC7B44B4C33A3A8389B /* Ionicons.ttf */ = {isa = PBXFileReference; explicitFileType = undefined; fileEncoding = 9; includeInIndex = 0; lastKnownFileType = unknown; name = Ionicons.ttf; path = ../assets/fonts/Ionicons.ttf; sourceTree = "<group>"; };
		35A503D5E3E2BBFD723E22C0 /* libPods-MaharaMobile-MaharaMobileTests.a */ = {isa = PBXFileReference; explicitFileType = archive.ar; includeInIndex = 0; path = "libPods-MaharaMobile-MaharaMobileTests.a"; sourceTree = BUILT_PRODUCTS_DIR; };
		364A4348F78748FD90BA80B6 /* OpenSansBoldItalic.ttf */ = {isa = PBXFileReference; explicitFileType = undefined; fileEncoding = 9; includeInIndex = 0; lastKnownFileType = unknown; name = "OpenSansBoldItalic.ttf"; path = "../assets/fonts/OpenSansBoldItalic.ttf"; sourceTree = "<group>"; };
		37895B83A2C94FED9234D444 /* FontAwesome5_Brands.ttf */ = {isa = PBXFileReference; explicitFileType = undefined; fileEncoding = 9; includeInIndex = 0; lastKnownFileType = unknown; name = FontAwesome5_Brands.ttf; path = ../assets/fonts/FontAwesome5_Brands.ttf; sourceTree = "<group>"; };
		3AA94E1FC8634EB4A2A479DC /* OpenSans-Light.ttf */ = {isa = PBXFileReference; explicitFileType = undefined; fileEncoding = 9; includeInIndex = 0; lastKnownFileType = unknown; name = "OpenSans-Light.ttf"; path = "../assets/fonts/OpenSans-Light.ttf"; sourceTree = "<group>"; };
		3E2C120EAA984C12BF8969E2 /* OpenSans-Regular.ttf */ = {isa = PBXFileReference; explicitFileType = undefined; fileEncoding = 9; includeInIndex = 0; lastKnownFileType = unknown; name = "OpenSans-Regular.ttf"; path = "../assets/fonts/OpenSans-Regular.ttf"; sourceTree = "<group>"; };
		3F098FA2DAFA42FE9EF2F30A /* Foundation.ttf */ = {isa = PBXFileReference; explicitFileType = undefined; fileEncoding = 9; includeInIndex = 0; lastKnownFileType = unknown; name = Foundation.ttf; path = ../assets/fonts/Foundation.ttf; sourceTree = "<group>"; };
		43C29AA630AD4EEBAF48314A /* FontAwesome5_Solid.ttf */ = {isa = PBXFileReference; explicitFileType = undefined; fileEncoding = 9; includeInIndex = 0; lastKnownFileType = unknown; name = FontAwesome5_Solid.ttf; path = ../assets/fonts/FontAwesome5_Solid.ttf; sourceTree = "<group>"; };
		48AABEF3907D48FDB081B17E /* Fontisto.ttf */ = {isa = PBXFileReference; explicitFileType = undefined; fileEncoding = 9; includeInIndex = 0; lastKnownFileType = unknown; name = Fontisto.ttf; path = ../assets/fonts/Fontisto.ttf; sourceTree = "<group>"; };
		4B29A8D9EACC4225BE7026AB /* FontAwesome5_Brands.ttf */ = {isa = PBXFileReference; explicitFileType = undefined; fileEncoding = 9; includeInIndex = 0; lastKnownFileType = unknown; name = FontAwesome5_Brands.ttf; path = ../android/app/src/main/assets/fonts/FontAwesome5_Brands.ttf; sourceTree = "<group>"; };
		5575B6E481AA3C514D50A3E3 /* Pods-MaharaMobile-MaharaMobileTests.debug.xcconfig */ = {isa = PBXFileReference; includeInIndex = 1; lastKnownFileType = text.xcconfig; name = "Pods-MaharaMobile-MaharaMobileTests.debug.xcconfig"; path = "Target Support Files/Pods-MaharaMobile-MaharaMobileTests/Pods-MaharaMobile-MaharaMobileTests.debug.xcconfig"; sourceTree = "<group>"; };
		5AB74F03147F40B798D96073 /* EvilIcons.ttf */ = {isa = PBXFileReference; explicitFileType = undefined; fileEncoding = 9; includeInIndex = 0; lastKnownFileType = unknown; name = EvilIcons.ttf; path = ../assets/fonts/EvilIcons.ttf; sourceTree = "<group>"; };
		5B4299AEC2AF4286ACF98357 /* OpenSans-ExtraBold.ttf */ = {isa = PBXFileReference; explicitFileType = undefined; fileEncoding = 9; includeInIndex = 0; lastKnownFileType = unknown; name = "OpenSans-ExtraBold.ttf"; path = "../assets/fonts/OpenSans-ExtraBold.ttf"; sourceTree = "<group>"; };
		603E284C6EDA4372B50DEA46 /* MaterialIcons.ttf */ = {isa = PBXFileReference; explicitFileType = undefined; fileEncoding = 9; includeInIndex = 0; lastKnownFileType = unknown; name = MaterialIcons.ttf; path = ../android/app/src/main/assets/fonts/MaterialIcons.ttf; sourceTree = "<group>"; };
		6132EF172BDFF13200BBE14D /* PrivacyInfo.xcprivacy */ = {isa = PBXFileReference; lastKnownFileType = text.xml; name = PrivacyInfo.xcprivacy; path = MaharaMobile/PrivacyInfo.xcprivacy; sourceTree = "<group>"; };
		7462BB8D4DB64C96B7302227 /* OpenSans-Italic.ttf */ = {isa = PBXFileReference; explicitFileType = undefined; fileEncoding = 9; includeInIndex = 0; lastKnownFileType = unknown; name = "OpenSans-Italic.ttf"; path = "../assets/fonts/OpenSans-Italic.ttf"; sourceTree = "<group>"; };
		74F2FA2414EB595CC62EE498 /* libPods-MaharaMobile.a */ = {isa = PBXFileReference; explicitFileType = archive.ar; includeInIndex = 0; path = "libPods-MaharaMobile.a"; sourceTree = BUILT_PRODUCTS_DIR; };
		79D597EE8CF44F7996101000 /* FontAwesome5_Regular.ttf */ = {isa = PBXFileReference; explicitFileType = undefined; fileEncoding = 9; includeInIndex = 0; lastKnownFileType = unknown; name = FontAwesome5_Regular.ttf; path = ../assets/fonts/FontAwesome5_Regular.ttf; sourceTree = "<group>"; };
		7A5FBBC55903452FA354D3B8 /* FontAwesome.ttf */ = {isa = PBXFileReference; explicitFileType = undefined; fileEncoding = 9; includeInIndex = 0; lastKnownFileType = unknown; name = FontAwesome.ttf; path = ../android/app/src/main/assets/fonts/FontAwesome.ttf; sourceTree = "<group>"; };
		8B35D59DCA5941F6B96B4FB7 /* Entypo.ttf */ = {isa = PBXFileReference; explicitFileType = undefined; fileEncoding = 9; includeInIndex = 0; lastKnownFileType = unknown; name = Entypo.ttf; path = ../android/app/src/main/assets/fonts/Entypo.ttf; sourceTree = "<group>"; };
		9666FE5C621A4E85A0660147 /* Entypo.ttf */ = {isa = PBXFileReference; explicitFileType = undefined; fileEncoding = 9; includeInIndex = 0; lastKnownFileType = unknown; name = Entypo.ttf; path = ../assets/fonts/Entypo.ttf; sourceTree = "<group>"; };
		9B82369A15214C849C4C56C9 /* AntDesign.ttf */ = {isa = PBXFileReference; explicitFileType = undefined; fileEncoding = 9; includeInIndex = 0; lastKnownFileType = unknown; name = AntDesign.ttf; path = ../android/app/src/main/assets/fonts/AntDesign.ttf; sourceTree = "<group>"; };
		9CCAEFEA48AD45648BD1D378 /* AntDesign.ttf */ = {isa = PBXFileReference; explicitFileType = undefined; fileEncoding = 9; includeInIndex = 0; lastKnownFileType = unknown; name = AntDesign.ttf; path = ../assets/fonts/AntDesign.ttf; sourceTree = "<group>"; };
		B13AF9DB995F4C598674E857 /* OpenSans-SemiBoldItalic.ttf */ = {isa = PBXFileReference; explicitFileType = undefined; fileEncoding = 9; includeInIndex = 0; lastKnownFileType = unknown; name = "OpenSans-SemiBoldItalic.ttf"; path = "../assets/fonts/OpenSans-SemiBoldItalic.ttf"; sourceTree = "<group>"; };
		B4B0DBA095DA4F7AB3413B7A /* Ionicons.ttf */ = {isa = PBXFileReference; explicitFileType = undefined; fileEncoding = 9; includeInIndex = 0; lastKnownFileType = unknown; name = Ionicons.ttf; path = ../android/app/src/main/assets/fonts/Ionicons.ttf; sourceTree = "<group>"; };
		B9A9FC1E9BF74489985B83EA /* Foundation.ttf */ = {isa = PBXFileReference; explicitFileType = undefined; fileEncoding = 9; includeInIndex = 0; lastKnownFileType = unknown; name = Foundation.ttf; path = ../android/app/src/main/assets/fonts/Foundation.ttf; sourceTree = "<group>"; };
		BAC6A098F83341AEB8D5706C /* OpenSans-ExtraBoldItalic.ttf */ = {isa = PBXFileReference; explicitFileType = undefined; fileEncoding = 9; includeInIndex = 0; lastKnownFileType = unknown; name = "OpenSans-ExtraBoldItalic.ttf"; path = "../assets/fonts/OpenSans-ExtraBoldItalic.ttf"; sourceTree = "<group>"; };
		BB0AB58103704A9DA9D4B225 /* FontAwesome5_Solid.ttf */ = {isa = PBXFileReference; explicitFileType = undefined; fileEncoding = 9; includeInIndex = 0; lastKnownFileType = unknown; name = FontAwesome5_Solid.ttf; path = ../android/app/src/main/assets/fonts/FontAwesome5_Solid.ttf; sourceTree = "<group>"; };
		C5D766EC57F542CBB9DE7202 /* OpenSans-Medium.ttf */ = {isa = PBXFileReference; explicitFileType = undefined; fileEncoding = 9; includeInIndex = 0; lastKnownFileType = unknown; name = "OpenSans-Medium.ttf"; path = "../assets/fonts/OpenSans-Medium.ttf"; sourceTree = "<group>"; };
		D884B6EDD4DA49789AC55CC7 /* Feather.ttf */ = {isa = PBXFileReference; explicitFileType = undefined; fileEncoding = 9; includeInIndex = 0; lastKnownFileType = unknown; name = Feather.ttf; path = ../android/app/src/main/assets/fonts/Feather.ttf; sourceTree = "<group>"; };
		DDADBDFE35FC49609EBF4A77 /* FontAwesome.ttf */ = {isa = PBXFileReference; explicitFileType = undefined; fileEncoding = 9; includeInIndex = 0; lastKnownFileType = unknown; name = FontAwesome.ttf; path = ../assets/fonts/FontAwesome.ttf; sourceTree = "<group>"; };
		E2DD256098AD4FCFB0B4A37F /* OpenSansBold.ttf */ = {isa = PBXFileReference; explicitFileType = undefined; fileEncoding = 9; includeInIndex = 0; lastKnownFileType = unknown; name = "OpenSansBold.ttf"; path = "../assets/fonts/OpenSansBold.ttf"; sourceTree = "<group>"; };
		E56AF4EA2A5227970099CB38 /* hermes.xcframework */ = {isa = PBXFileReference; lastKnownFileType = wrapper.xcframework; name = hermes.xcframework; path = "Pods/hermes-engine/destroot/Library/Frameworks/universal/hermes.xcframework"; sourceTree = "<group>"; };
		E5AF73D52922EBDE00DC1564 /* Launch Screen.storyboard */ = {isa = PBXFileReference; lastKnownFileType = file.storyboard; path = "Launch Screen.storyboard"; sourceTree = "<group>"; };
		E5D4C443D8214582A4BD9CCE /* MaterialCommunityIcons.ttf */ = {isa = PBXFileReference; explicitFileType = undefined; fileEncoding = 9; includeInIndex = 0; lastKnownFileType = unknown; name = MaterialCommunityIcons.ttf; path = ../android/app/src/main/assets/fonts/MaterialCommunityIcons.ttf; sourceTree = "<group>"; };
		E5D92AAE296F6FA600DE8DC6 /* Images.xcassets */ = {isa = PBXFileReference; lastKnownFileType = folder.assetcatalog; path = Images.xcassets; sourceTree = "<group>"; };
		E707529DD5084765B4CCA2E3 /* Octicons.ttf */ = {isa = PBXFileReference; explicitFileType = undefined; fileEncoding = 9; includeInIndex = 0; lastKnownFileType = unknown; name = Octicons.ttf; path = ../assets/fonts/Octicons.ttf; sourceTree = "<group>"; };
		E7F9A2BF0981927EDC9F1305 /* Pods-MaharaMobile-MaharaMobileTests.release.xcconfig */ = {isa = PBXFileReference; includeInIndex = 1; lastKnownFileType = text.xcconfig; name = "Pods-MaharaMobile-MaharaMobileTests.release.xcconfig"; path = "Target Support Files/Pods-MaharaMobile-MaharaMobileTests/Pods-MaharaMobile-MaharaMobileTests.release.xcconfig"; sourceTree = "<group>"; };
		EBBE8A15870642BC9282AD3A /* Zocial.ttf */ = {isa = PBXFileReference; explicitFileType = undefined; fileEncoding = 9; includeInIndex = 0; lastKnownFileType = unknown; name = Zocial.ttf; path = ../assets/fonts/Zocial.ttf; sourceTree = "<group>"; };
		ED297162215061F000B7C4FE /* JavaScriptCore.framework */ = {isa = PBXFileReference; lastKnownFileType = wrapper.framework; name = JavaScriptCore.framework; path = System/Library/Frameworks/JavaScriptCore.framework; sourceTree = SDKROOT; };
		F6CD4371A29B49F2A6888FCA /* FontAwesome5_Regular.ttf */ = {isa = PBXFileReference; explicitFileType = undefined; fileEncoding = 9; includeInIndex = 0; lastKnownFileType = unknown; name = FontAwesome5_Regular.ttf; path = ../android/app/src/main/assets/fonts/FontAwesome5_Regular.ttf; sourceTree = "<group>"; };
		FBCB9810178F4F6798C2B232 /* OpenSans-SemiBold.ttf */ = {isa = PBXFileReference; explicitFileType = undefined; fileEncoding = 9; includeInIndex = 0; lastKnownFileType = unknown; name = "OpenSans-SemiBold.ttf"; path = "../assets/fonts/OpenSans-SemiBold.ttf"; sourceTree = "<group>"; };
/* End PBXFileReference section */

/* Begin PBXFrameworksBuildPhase section */
		00E356EB1AD99517003FC87E /* Frameworks */ = {
			isa = PBXFrameworksBuildPhase;
			buildActionMask = 2147483647;
			files = (
				5397915B0E26424E472D2E95 /* libPods-MaharaMobile-MaharaMobileTests.a in Frameworks */,
			);
			runOnlyForDeploymentPostprocessing = 0;
		};
		13B07F8C1A680F5B00A75B9A /* Frameworks */ = {
			isa = PBXFrameworksBuildPhase;
			buildActionMask = 2147483647;
			files = (
				DC909BC5D8A8D8C7113FE0A9 /* libPods-MaharaMobile.a in Frameworks */,
			);
			runOnlyForDeploymentPostprocessing = 0;
		};
/* End PBXFrameworksBuildPhase section */

/* Begin PBXGroup section */
		00E356EF1AD99517003FC87E /* MaharaMobileTests */ = {
			isa = PBXGroup;
			children = (
				00E356F21AD99517003FC87E /* MaharaMobileTests.m */,
				00E356F01AD99517003FC87E /* Supporting Files */,
			);
			path = MaharaMobileTests;
			sourceTree = "<group>";
		};
		00E356F01AD99517003FC87E /* Supporting Files */ = {
			isa = PBXGroup;
			children = (
				00E356F11AD99517003FC87E /* Info.plist */,
			);
			name = "Supporting Files";
			sourceTree = "<group>";
		};
		0B3073E8C7AD4E539DDA51BD /* Resources */ = {
			isa = PBXGroup;
			children = (
				9B82369A15214C849C4C56C9 /* AntDesign.ttf */,
				8B35D59DCA5941F6B96B4FB7 /* Entypo.ttf */,
				0BDDA8E3A0AC4CF7A061A34B /* EvilIcons.ttf */,
				D884B6EDD4DA49789AC55CC7 /* Feather.ttf */,
				7A5FBBC55903452FA354D3B8 /* FontAwesome.ttf */,
				4B29A8D9EACC4225BE7026AB /* FontAwesome5_Brands.ttf */,
				F6CD4371A29B49F2A6888FCA /* FontAwesome5_Regular.ttf */,
				BB0AB58103704A9DA9D4B225 /* FontAwesome5_Solid.ttf */,
				09A3E801D5A0497EAF82B6D0 /* Fontisto.ttf */,
				B9A9FC1E9BF74489985B83EA /* Foundation.ttf */,
				B4B0DBA095DA4F7AB3413B7A /* Ionicons.ttf */,
				E5D4C443D8214582A4BD9CCE /* MaterialCommunityIcons.ttf */,
				603E284C6EDA4372B50DEA46 /* MaterialIcons.ttf */,
				141134BC0FBE413EB637DA90 /* Octicons.ttf */,
				07E072E407B44E18B5DAF098 /* Zocial.ttf */,
				9CCAEFEA48AD45648BD1D378 /* AntDesign.ttf */,
				9666FE5C621A4E85A0660147 /* Entypo.ttf */,
				5AB74F03147F40B798D96073 /* EvilIcons.ttf */,
				28F5644ACA174673907EBAEC /* Feather.ttf */,
				DDADBDFE35FC49609EBF4A77 /* FontAwesome.ttf */,
				37895B83A2C94FED9234D444 /* FontAwesome5_Brands.ttf */,
				79D597EE8CF44F7996101000 /* FontAwesome5_Regular.ttf */,
				43C29AA630AD4EEBAF48314A /* FontAwesome5_Solid.ttf */,
				48AABEF3907D48FDB081B17E /* Fontisto.ttf */,
				3F098FA2DAFA42FE9EF2F30A /* Foundation.ttf */,
				35014FC7B44B4C33A3A8389B /* Ionicons.ttf */,
				2C2DE8B204B049DB912350D4 /* MaterialCommunityIcons.ttf */,
				2E409406827544E186DA900F /* MaterialIcons.ttf */,
				E707529DD5084765B4CCA2E3 /* Octicons.ttf */,
				E2DD256098AD4FCFB0B4A37F /* OpenSansBold.ttf */,
				364A4348F78748FD90BA80B6 /* OpenSansBoldItalic.ttf */,
				5B4299AEC2AF4286ACF98357 /* OpenSans-ExtraBold.ttf */,
				BAC6A098F83341AEB8D5706C /* OpenSans-ExtraBoldItalic.ttf */,
				7462BB8D4DB64C96B7302227 /* OpenSans-Italic.ttf */,
				3AA94E1FC8634EB4A2A479DC /* OpenSans-Light.ttf */,
				27BF2509563D451CBBCDFD79 /* OpenSans-LightItalic.ttf */,
				C5D766EC57F542CBB9DE7202 /* OpenSans-Medium.ttf */,
				2A5D6016C8704B81914D253B /* OpenSans-MediumItalic.ttf */,
				3E2C120EAA984C12BF8969E2 /* OpenSans-Regular.ttf */,
				FBCB9810178F4F6798C2B232 /* OpenSans-SemiBold.ttf */,
				B13AF9DB995F4C598674E857 /* OpenSans-SemiBoldItalic.ttf */,
				328FBEFB15DE4F21A5448C34 /* SimpleLineIcons.ttf */,
				EBBE8A15870642BC9282AD3A /* Zocial.ttf */,
			);
			name = Resources;
			sourceTree = "<group>";
		};
		13B07FAE1A68108700A75B9A /* MaharaMobile */ = {
			isa = PBXGroup;
			children = (
				E5D92AAE296F6FA600DE8DC6 /* Images.xcassets */,
				13B07FAF1A68108700A75B9A /* AppDelegate.h */,
				13B07FB01A68108700A75B9A /* AppDelegate.mm */,
				13B07FB61A68108700A75B9A /* Info.plist */,
				13B07FB71A68108700A75B9A /* main.m */,
			);
			name = MaharaMobile;
			sourceTree = "<group>";
		};
		2D16E6871FA4F8E400B85C8A /* Frameworks */ = {
			isa = PBXGroup;
			children = (
				E56AF4EA2A5227970099CB38 /* hermes.xcframework */,
				ED297162215061F000B7C4FE /* JavaScriptCore.framework */,
				74F2FA2414EB595CC62EE498 /* libPods-MaharaMobile.a */,
				35A503D5E3E2BBFD723E22C0 /* libPods-MaharaMobile-MaharaMobileTests.a */,
			);
			name = Frameworks;
			sourceTree = "<group>";
		};
		832341AE1AAA6A7D00B99B32 /* Libraries */ = {
			isa = PBXGroup;
			children = (
			);
			name = Libraries;
			sourceTree = "<group>";
		};
		83CBB9F61A601CBA00E9B192 = {
			isa = PBXGroup;
			children = (
				6132EF172BDFF13200BBE14D /* PrivacyInfo.xcprivacy */,
				E5AF73D52922EBDE00DC1564 /* Launch Screen.storyboard */,
				13B07FAE1A68108700A75B9A /* MaharaMobile */,
				832341AE1AAA6A7D00B99B32 /* Libraries */,
				00E356EF1AD99517003FC87E /* MaharaMobileTests */,
				83CBBA001A601CBA00E9B192 /* Products */,
				2D16E6871FA4F8E400B85C8A /* Frameworks */,
				BBD78D7AC51CEA395F1C20DB /* Pods */,
				0B3073E8C7AD4E539DDA51BD /* Resources */,
			);
			indentWidth = 2;
			sourceTree = "<group>";
			tabWidth = 2;
			usesTabs = 0;
		};
		83CBBA001A601CBA00E9B192 /* Products */ = {
			isa = PBXGroup;
			children = (
				13B07F961A680F5B00A75B9A /* MaharaMobile.app */,
				00E356EE1AD99517003FC87E /* MaharaMobileTests.xctest */,
			);
			name = Products;
			sourceTree = "<group>";
		};
		BBD78D7AC51CEA395F1C20DB /* Pods */ = {
			isa = PBXGroup;
			children = (
				03B279D5E399159AD0514A44 /* Pods-MaharaMobile.debug.xcconfig */,
				18BCE6AD2C97E29A286E93C4 /* Pods-MaharaMobile.release.xcconfig */,
				5575B6E481AA3C514D50A3E3 /* Pods-MaharaMobile-MaharaMobileTests.debug.xcconfig */,
				E7F9A2BF0981927EDC9F1305 /* Pods-MaharaMobile-MaharaMobileTests.release.xcconfig */,
			);
			path = Pods;
			sourceTree = "<group>";
		};
/* End PBXGroup section */

/* Begin PBXNativeTarget section */
		00E356ED1AD99517003FC87E /* MaharaMobileTests */ = {
			isa = PBXNativeTarget;
			buildConfigurationList = 00E357021AD99517003FC87E /* Build configuration list for PBXNativeTarget "MaharaMobileTests" */;
			buildPhases = (
				5E7093D2B5ED27A5CFE43F86 /* [CP] Check Pods Manifest.lock */,
				00E356EA1AD99517003FC87E /* Sources */,
				00E356EB1AD99517003FC87E /* Frameworks */,
				00E356EC1AD99517003FC87E /* Resources */,
				00B55140869FB5F4E4F887C2 /* [CP] Embed Pods Frameworks */,
				05434E976E64E218952F52A9 /* [CP] Copy Pods Resources */,
			);
			buildRules = (
			);
			dependencies = (
				00E356F51AD99517003FC87E /* PBXTargetDependency */,
			);
			name = MaharaMobileTests;
			productName = MaharaMobileTests;
			productReference = 00E356EE1AD99517003FC87E /* MaharaMobileTests.xctest */;
			productType = "com.apple.product-type.bundle.unit-test";
		};
		13B07F861A680F5B00A75B9A /* MaharaMobile */ = {
			isa = PBXNativeTarget;
			buildConfigurationList = 13B07F931A680F5B00A75B9A /* Build configuration list for PBXNativeTarget "MaharaMobile" */;
			buildPhases = (
				9F698D194A94162326BA172B /* [CP] Check Pods Manifest.lock */,
				13B07F871A680F5B00A75B9A /* Sources */,
				13B07F8C1A680F5B00A75B9A /* Frameworks */,
				00DD1BFF1BD5951E006B06BC /* Bundle React Native code and images */,
				E5D92AB0296F8A2700DE8DC6 /* Resources */,
				8EBE7F0FAE9868169C39C99D /* [CP] Embed Pods Frameworks */,
				E101A2E0E91902AD1EB6D944 /* [CP] Copy Pods Resources */,
			);
			buildRules = (
			);
			dependencies = (
			);
			name = MaharaMobile;
			productName = MaharaMobile;
			productReference = 13B07F961A680F5B00A75B9A /* MaharaMobile.app */;
			productType = "com.apple.product-type.application";
		};
/* End PBXNativeTarget section */

/* Begin PBXProject section */
		83CBB9F71A601CBA00E9B192 /* Project object */ = {
			isa = PBXProject;
			attributes = {
				LastUpgradeCheck = 1340;
				TargetAttributes = {
					00E356ED1AD99517003FC87E = {
						CreatedOnToolsVersion = 6.2;
						TestTargetID = 13B07F861A680F5B00A75B9A;
					};
					13B07F861A680F5B00A75B9A = {
						LastSwiftMigration = 1120;
					};
				};
			};
			buildConfigurationList = 83CBB9FA1A601CBA00E9B192 /* Build configuration list for PBXProject "MaharaMobile" */;
			compatibilityVersion = "Xcode 15.3";
			developmentRegion = en;
			hasScannedForEncodings = 0;
			knownRegions = (
				en,
				Base,
			);
			mainGroup = 83CBB9F61A601CBA00E9B192;
			productRefGroup = 83CBBA001A601CBA00E9B192 /* Products */;
			projectDirPath = "";
			projectRoot = "";
			targets = (
				13B07F861A680F5B00A75B9A /* MaharaMobile */,
				00E356ED1AD99517003FC87E /* MaharaMobileTests */,
			);
		};
/* End PBXProject section */

/* Begin PBXResourcesBuildPhase section */
		00E356EC1AD99517003FC87E /* Resources */ = {
			isa = PBXResourcesBuildPhase;
			buildActionMask = 2147483647;
			files = (
				6132EF182BDFF13200BBE14D /* PrivacyInfo.xcprivacy in Resources */,
				E5D92AAF296F6FA600DE8DC6 /* Images.xcassets in Resources */,
			);
			runOnlyForDeploymentPostprocessing = 0;
		};
		E5D92AB0296F8A2700DE8DC6 /* Resources */ = {
			isa = PBXResourcesBuildPhase;
			buildActionMask = 2147483647;
			files = (
				E5D92AB1296F8A3200DE8DC6 /* Images.xcassets in Resources */,
				8E3FB52CB5E442979CE6C221 /* AntDesign.ttf in Resources */,
				E3788F9245764F24B2AE84E8 /* Entypo.ttf in Resources */,
				F54C773C28264399845DE15F /* EvilIcons.ttf in Resources */,
				3410530B57144A2F83BA5B67 /* Feather.ttf in Resources */,
				C003C140F79F497BAA44FC0D /* FontAwesome.ttf in Resources */,
				1346B3D28BC6481A9D43FB37 /* FontAwesome5_Brands.ttf in Resources */,
				C1968742F2E64B82AFCFB57A /* FontAwesome5_Regular.ttf in Resources */,
				99D6EA203ED84DEBB49756CC /* FontAwesome5_Solid.ttf in Resources */,
				A3021896EDE74AB3B0FCFFA9 /* Fontisto.ttf in Resources */,
				EB602CD1DF014C9894E25AD6 /* Foundation.ttf in Resources */,
				08511F78A2434F679703D283 /* Ionicons.ttf in Resources */,
				7F6DE38397AB45A1BA35515F /* MaterialCommunityIcons.ttf in Resources */,
				EDC4C88E99A041BAAC8791B9 /* MaterialIcons.ttf in Resources */,
				C93C86395A304707A8EF148C /* Octicons.ttf in Resources */,
				37C9932773C44C3785FEEB4D /* OpenSansBold.ttf in Resources */,
				021D593583724F88B3D5B128 /* OpenSansBoldItalic.ttf in Resources */,
				98135D746210466297DA04B6 /* OpenSans-ExtraBold.ttf in Resources */,
				56FADE549516424BB784A99D /* OpenSans-ExtraBoldItalic.ttf in Resources */,
				C09F7B81E1194314ABF96878 /* OpenSans-Italic.ttf in Resources */,
				6C7110E84C97497680E70C5F /* OpenSans-Light.ttf in Resources */,
				8DC1565CD1ED4268BE46A7EC /* OpenSans-LightItalic.ttf in Resources */,
				D54792FA0EA7427786616ED2 /* OpenSans-Medium.ttf in Resources */,
				4C48790943AC48A6BDBAB0B3 /* OpenSans-MediumItalic.ttf in Resources */,
				87A539E1E5CE456299D73BB1 /* OpenSans-Regular.ttf in Resources */,
				180390FC3BAA452B8AE0F790 /* OpenSans-SemiBold.ttf in Resources */,
				51D880020FD6480884265C4D /* OpenSans-SemiBoldItalic.ttf in Resources */,
				2CF05F7DC1354C64BC21655F /* SimpleLineIcons.ttf in Resources */,
				2787CE05ADA3430E93BA2A5D /* Zocial.ttf in Resources */,
			);
			runOnlyForDeploymentPostprocessing = 0;
		};
/* End PBXResourcesBuildPhase section */

/* Begin PBXShellScriptBuildPhase section */
		00B55140869FB5F4E4F887C2 /* [CP] Embed Pods Frameworks */ = {
			isa = PBXShellScriptBuildPhase;
			buildActionMask = 2147483647;
			files = (
			);
			inputFileListPaths = (
				"${PODS_ROOT}/Target Support Files/Pods-MaharaMobile-MaharaMobileTests/Pods-MaharaMobile-MaharaMobileTests-frameworks-${CONFIGURATION}-input-files.xcfilelist",
			);
			name = "[CP] Embed Pods Frameworks";
			outputFileListPaths = (
				"${PODS_ROOT}/Target Support Files/Pods-MaharaMobile-MaharaMobileTests/Pods-MaharaMobile-MaharaMobileTests-frameworks-${CONFIGURATION}-output-files.xcfilelist",
			);
			runOnlyForDeploymentPostprocessing = 0;
			shellPath = /bin/sh;
			shellScript = "\"${PODS_ROOT}/Target Support Files/Pods-MaharaMobile-MaharaMobileTests/Pods-MaharaMobile-MaharaMobileTests-frameworks.sh\"\n";
			showEnvVarsInLog = 0;
		};
		00DD1BFF1BD5951E006B06BC /* Bundle React Native code and images */ = {
			isa = PBXShellScriptBuildPhase;
			buildActionMask = 2147483647;
			files = (
			);
			inputPaths = (
			);
			name = "Bundle React Native code and images";
			outputPaths = (
			);
			runOnlyForDeploymentPostprocessing = 0;
			shellPath = /bin/sh;
			shellScript = "set -e\n\nexport NODE_BINARY=node\n../node_modules/react-native/scripts/react-native-xcode.sh\n";
		};
		05434E976E64E218952F52A9 /* [CP] Copy Pods Resources */ = {
			isa = PBXShellScriptBuildPhase;
			buildActionMask = 2147483647;
			files = (
			);
			inputFileListPaths = (
				"${PODS_ROOT}/Target Support Files/Pods-MaharaMobile-MaharaMobileTests/Pods-MaharaMobile-MaharaMobileTests-resources-${CONFIGURATION}-input-files.xcfilelist",
			);
			name = "[CP] Copy Pods Resources";
			outputFileListPaths = (
				"${PODS_ROOT}/Target Support Files/Pods-MaharaMobile-MaharaMobileTests/Pods-MaharaMobile-MaharaMobileTests-resources-${CONFIGURATION}-output-files.xcfilelist",
			);
			runOnlyForDeploymentPostprocessing = 0;
			shellPath = /bin/sh;
			shellScript = "\"${PODS_ROOT}/Target Support Files/Pods-MaharaMobile-MaharaMobileTests/Pods-MaharaMobile-MaharaMobileTests-resources.sh\"\n";
			showEnvVarsInLog = 0;
		};
		5E7093D2B5ED27A5CFE43F86 /* [CP] Check Pods Manifest.lock */ = {
			isa = PBXShellScriptBuildPhase;
			buildActionMask = 2147483647;
			files = (
			);
			inputFileListPaths = (
			);
			inputPaths = (
				"${PODS_PODFILE_DIR_PATH}/Podfile.lock",
				"${PODS_ROOT}/Manifest.lock",
			);
			name = "[CP] Check Pods Manifest.lock";
			outputFileListPaths = (
			);
			outputPaths = (
				"$(DERIVED_FILE_DIR)/Pods-MaharaMobile-MaharaMobileTests-checkManifestLockResult.txt",
			);
			runOnlyForDeploymentPostprocessing = 0;
			shellPath = /bin/sh;
			shellScript = "diff \"${PODS_PODFILE_DIR_PATH}/Podfile.lock\" \"${PODS_ROOT}/Manifest.lock\" > /dev/null\nif [ $? != 0 ] ; then\n    # print error to STDERR\n    echo \"error: The sandbox is not in sync with the Podfile.lock. Run 'pod install' or update your CocoaPods installation.\" >&2\n    exit 1\nfi\n# This output is used by Xcode 'outputs' to avoid re-running this script phase.\necho \"SUCCESS\" > \"${SCRIPT_OUTPUT_FILE_0}\"\n";
			showEnvVarsInLog = 0;
		};
		8EBE7F0FAE9868169C39C99D /* [CP] Embed Pods Frameworks */ = {
			isa = PBXShellScriptBuildPhase;
			buildActionMask = 2147483647;
			files = (
			);
			inputFileListPaths = (
				"${PODS_ROOT}/Target Support Files/Pods-MaharaMobile/Pods-MaharaMobile-frameworks-${CONFIGURATION}-input-files.xcfilelist",
			);
			name = "[CP] Embed Pods Frameworks";
			outputFileListPaths = (
				"${PODS_ROOT}/Target Support Files/Pods-MaharaMobile/Pods-MaharaMobile-frameworks-${CONFIGURATION}-output-files.xcfilelist",
			);
			runOnlyForDeploymentPostprocessing = 0;
			shellPath = /bin/sh;
			shellScript = "\"${PODS_ROOT}/Target Support Files/Pods-MaharaMobile/Pods-MaharaMobile-frameworks.sh\"\n";
			showEnvVarsInLog = 0;
		};
		9F698D194A94162326BA172B /* [CP] Check Pods Manifest.lock */ = {
			isa = PBXShellScriptBuildPhase;
			buildActionMask = 2147483647;
			files = (
			);
			inputFileListPaths = (
			);
			inputPaths = (
				"${PODS_PODFILE_DIR_PATH}/Podfile.lock",
				"${PODS_ROOT}/Manifest.lock",
			);
			name = "[CP] Check Pods Manifest.lock";
			outputFileListPaths = (
			);
			outputPaths = (
				"$(DERIVED_FILE_DIR)/Pods-MaharaMobile-checkManifestLockResult.txt",
			);
			runOnlyForDeploymentPostprocessing = 0;
			shellPath = /bin/sh;
			shellScript = "diff \"${PODS_PODFILE_DIR_PATH}/Podfile.lock\" \"${PODS_ROOT}/Manifest.lock\" > /dev/null\nif [ $? != 0 ] ; then\n    # print error to STDERR\n    echo \"error: The sandbox is not in sync with the Podfile.lock. Run 'pod install' or update your CocoaPods installation.\" >&2\n    exit 1\nfi\n# This output is used by Xcode 'outputs' to avoid re-running this script phase.\necho \"SUCCESS\" > \"${SCRIPT_OUTPUT_FILE_0}\"\n";
			showEnvVarsInLog = 0;
		};
		E101A2E0E91902AD1EB6D944 /* [CP] Copy Pods Resources */ = {
			isa = PBXShellScriptBuildPhase;
			buildActionMask = 2147483647;
			files = (
			);
			inputFileListPaths = (
				"${PODS_ROOT}/Target Support Files/Pods-MaharaMobile/Pods-MaharaMobile-resources-${CONFIGURATION}-input-files.xcfilelist",
			);
			name = "[CP] Copy Pods Resources";
			outputFileListPaths = (
				"${PODS_ROOT}/Target Support Files/Pods-MaharaMobile/Pods-MaharaMobile-resources-${CONFIGURATION}-output-files.xcfilelist",
			);
			runOnlyForDeploymentPostprocessing = 0;
			shellPath = /bin/sh;
			shellScript = "\"${PODS_ROOT}/Target Support Files/Pods-MaharaMobile/Pods-MaharaMobile-resources.sh\"\n";
			showEnvVarsInLog = 0;
		};
/* End PBXShellScriptBuildPhase section */

/* Begin PBXSourcesBuildPhase section */
		00E356EA1AD99517003FC87E /* Sources */ = {
			isa = PBXSourcesBuildPhase;
			buildActionMask = 2147483647;
			files = (
				00E356F31AD99517003FC87E /* MaharaMobileTests.m in Sources */,
			);
			runOnlyForDeploymentPostprocessing = 0;
		};
		13B07F871A680F5B00A75B9A /* Sources */ = {
			isa = PBXSourcesBuildPhase;
			buildActionMask = 2147483647;
			files = (
				13B07FBC1A68108700A75B9A /* AppDelegate.mm in Sources */,
				13B07FC11A68108700A75B9A /* main.m in Sources */,
			);
			runOnlyForDeploymentPostprocessing = 0;
		};
/* End PBXSourcesBuildPhase section */

/* Begin PBXTargetDependency section */
		00E356F51AD99517003FC87E /* PBXTargetDependency */ = {
			isa = PBXTargetDependency;
			target = 13B07F861A680F5B00A75B9A /* MaharaMobile */;
			targetProxy = 00E356F41AD99517003FC87E /* PBXContainerItemProxy */;
		};
/* End PBXTargetDependency section */

/* Begin XCBuildConfiguration section */
		00E356F61AD99517003FC87E /* Debug */ = {
			isa = XCBuildConfiguration;
			baseConfigurationReference = 5575B6E481AA3C514D50A3E3 /* Pods-MaharaMobile-MaharaMobileTests.debug.xcconfig */;
			buildSettings = {
				ALWAYS_EMBED_SWIFT_STANDARD_LIBRARIES = YES;
				BUNDLE_LOADER = "$(TEST_HOST)";
				GCC_PREPROCESSOR_DEFINITIONS = (
					"DEBUG=1",
					"$(inherited)",
				);
				INFOPLIST_FILE = MaharaMobileTests/Info.plist;
				IPHONEOS_DEPLOYMENT_TARGET = 13.4;
				LD_RUNPATH_SEARCH_PATHS = (
					"$(inherited)",
					"@executable_path/Frameworks",
					"@loader_path/Frameworks",
				);
				OTHER_LDFLAGS = (
					"-ObjC",
					"-lc++",
					"$(inherited)",
				);
				PRODUCT_BUNDLE_IDENTIFIER = "org.reactjs.native.example.$(PRODUCT_NAME:rfc1034identifier)";
				PRODUCT_NAME = "$(TARGET_NAME)";
				TEST_HOST = "$(BUILT_PRODUCTS_DIR)/MaharaMobile.app/MaharaMobile";
			};
			name = Debug;
		};
		00E356F71AD99517003FC87E /* Release */ = {
			isa = XCBuildConfiguration;
			baseConfigurationReference = E7F9A2BF0981927EDC9F1305 /* Pods-MaharaMobile-MaharaMobileTests.release.xcconfig */;
			buildSettings = {
				ALWAYS_EMBED_SWIFT_STANDARD_LIBRARIES = YES;
				BUNDLE_LOADER = "$(TEST_HOST)";
				COPY_PHASE_STRIP = NO;
				DEVELOPMENT_TEAM = B6SWKBKRQH;
				INFOPLIST_FILE = MaharaMobileTests/Info.plist;
				IPHONEOS_DEPLOYMENT_TARGET = 13.4;
				LD_RUNPATH_SEARCH_PATHS = (
					"$(inherited)",
					"@executable_path/Frameworks",
					"@loader_path/Frameworks",
				);
				OTHER_LDFLAGS = (
					"-ObjC",
					"-lc++",
					"$(inherited)",
				);
				PRODUCT_BUNDLE_IDENTIFIER = "org.reactjs.native.example.$(PRODUCT_NAME:rfc1034identifier)";
				PRODUCT_NAME = "$(TARGET_NAME)";
				TEST_HOST = "$(BUILT_PRODUCTS_DIR)/MaharaMobile.app/MaharaMobile";
			};
			name = Release;
		};
		13B07F941A680F5B00A75B9A /* Debug */ = {
			isa = XCBuildConfiguration;
			baseConfigurationReference = 03B279D5E399159AD0514A44 /* Pods-MaharaMobile.debug.xcconfig */;
			buildSettings = {
				ASSETCATALOG_COMPILER_APPICON_NAME = AppIcon;
				ASSETCATALOG_COMPILER_INCLUDE_ALL_APPICON_ASSETS = YES;
				CLANG_ENABLE_MODULES = YES;
				CURRENT_PROJECT_VERSION = 1;
				DEVELOPMENT_ASSET_PATHS = "";
				DEVELOPMENT_TEAM = B6SWKBKRQH;
				ENABLE_BITCODE = NO;
				INFOPLIST_FILE = MaharaMobile/Info.plist;
				INFOPLIST_KEY_CFBundleDisplayName = "Mahara Mobile";
				INFOPLIST_KEY_LSApplicationCategoryType = "public.app-category.education";
				IPHONEOS_DEPLOYMENT_TARGET = 15.0;
				LD_RUNPATH_SEARCH_PATHS = (
					"$(inherited)",
					"@executable_path/Frameworks",
				);
				MARKETING_VERSION = 24.08.1;
				OTHER_LDFLAGS = (
					"$(inherited)",
					"-ObjC",
					"-lc++",
				);
				PRODUCT_BUNDLE_IDENTIFIER = org.mahara.mobile.app;
				PRODUCT_NAME = MaharaMobile;
				SUPPORTED_PLATFORMS = "iphoneos iphonesimulator";
				SUPPORTS_MACCATALYST = NO;
				SUPPORTS_XR_DESIGNED_FOR_IPHONE_IPAD = NO;
				SWIFT_OPTIMIZATION_LEVEL = "-Onone";
				SWIFT_VERSION = 5.0;
				TARGETED_DEVICE_FAMILY = 1;
				VERSIONING_SYSTEM = "apple-generic";
			};
			name = Debug;
		};
		13B07F951A680F5B00A75B9A /* Release */ = {
			isa = XCBuildConfiguration;
			baseConfigurationReference = 18BCE6AD2C97E29A286E93C4 /* Pods-MaharaMobile.release.xcconfig */;
			buildSettings = {
				ASSETCATALOG_COMPILER_APPICON_NAME = AppIcon;
				ASSETCATALOG_COMPILER_INCLUDE_ALL_APPICON_ASSETS = YES;
				CLANG_ENABLE_MODULES = YES;
				CODE_SIGN_IDENTITY = "Apple Development";
				CODE_SIGN_STYLE = Automatic;
				CURRENT_PROJECT_VERSION = 1;
				DEVELOPMENT_ASSET_PATHS = "";
				DEVELOPMENT_TEAM = B6SWKBKRQH;
				INFOPLIST_FILE = MaharaMobile/Info.plist;
				INFOPLIST_KEY_CFBundleDisplayName = "Mahara Mobile";
				INFOPLIST_KEY_LSApplicationCategoryType = "public.app-category.education";
				IPHONEOS_DEPLOYMENT_TARGET = 15.0;
				LD_RUNPATH_SEARCH_PATHS = (
					"$(inherited)",
					"@executable_path/Frameworks",
				);
				MARKETING_VERSION = 24.08.1;
				OTHER_LDFLAGS = (
					"$(inherited)",
					"-ObjC",
					"-lc++",
				);
				PRODUCT_BUNDLE_IDENTIFIER = org.mahara.mobile.app;
				PRODUCT_NAME = MaharaMobile;
				PROVISIONING_PROFILE_SPECIFIER = "";
				SUPPORTED_PLATFORMS = "iphoneos iphonesimulator";
				SUPPORTS_MACCATALYST = NO;
				SUPPORTS_XR_DESIGNED_FOR_IPHONE_IPAD = NO;
				SWIFT_VERSION = 5.0;
				TARGETED_DEVICE_FAMILY = 1;
				VERSIONING_SYSTEM = "apple-generic";
			};
			name = Release;
		};
		83CBBA201A601CBA00E9B192 /* Debug */ = {
			isa = XCBuildConfiguration;
			buildSettings = {
				ALWAYS_SEARCH_USER_PATHS = NO;
				ASSETCATALOG_COMPILER_APPICON_NAME = AppIcon;
				ASSETCATALOG_COMPILER_INCLUDE_ALL_APPICON_ASSETS = Yes;
				CLANG_ANALYZER_LOCALIZABILITY_NONLOCALIZED = YES;
				CLANG_CXX_LANGUAGE_STANDARD = "c++20";
				CLANG_CXX_LIBRARY = "libc++";
				CLANG_ENABLE_MODULES = YES;
				CLANG_ENABLE_OBJC_ARC = YES;
				CLANG_WARN_BLOCK_CAPTURE_AUTORELEASING = YES;
				CLANG_WARN_BOOL_CONVERSION = YES;
				CLANG_WARN_COMMA = YES;
				CLANG_WARN_CONSTANT_CONVERSION = YES;
				CLANG_WARN_DEPRECATED_OBJC_IMPLEMENTATIONS = YES;
				CLANG_WARN_DIRECT_OBJC_ISA_USAGE = YES_ERROR;
				CLANG_WARN_EMPTY_BODY = YES;
				CLANG_WARN_ENUM_CONVERSION = YES;
				CLANG_WARN_INFINITE_RECURSION = YES;
				CLANG_WARN_INT_CONVERSION = YES;
				CLANG_WARN_NON_LITERAL_NULL_CONVERSION = YES;
				CLANG_WARN_OBJC_IMPLICIT_RETAIN_SELF = YES;
				CLANG_WARN_OBJC_LITERAL_CONVERSION = YES;
				CLANG_WARN_OBJC_ROOT_CLASS = YES_ERROR;
				CLANG_WARN_QUOTED_INCLUDE_IN_FRAMEWORK_HEADER = YES;
				CLANG_WARN_RANGE_LOOP_ANALYSIS = YES;
				CLANG_WARN_STRICT_PROTOTYPES = YES;
				CLANG_WARN_SUSPICIOUS_MOVE = YES;
				CLANG_WARN_UNREACHABLE_CODE = YES;
				CLANG_WARN__DUPLICATE_METHOD_MATCH = YES;
				"CODE_SIGN_IDENTITY[sdk=iphoneos*]" = "iPhone Developer";
				COPY_PHASE_STRIP = NO;
				ENABLE_STRICT_OBJC_MSGSEND = YES;
				ENABLE_TESTABILITY = YES;
				"EXCLUDED_ARCHS[sdk=iphonesimulator*]" = i386;
				GCC_C_LANGUAGE_STANDARD = gnu99;
				GCC_DYNAMIC_NO_PIC = NO;
				GCC_NO_COMMON_BLOCKS = YES;
				GCC_OPTIMIZATION_LEVEL = 0;
				GCC_PREPROCESSOR_DEFINITIONS = (
					"DEBUG=1",
					"$(inherited)",
				);
				GCC_SYMBOLS_PRIVATE_EXTERN = NO;
				GCC_WARN_64_TO_32_BIT_CONVERSION = YES;
				GCC_WARN_ABOUT_RETURN_TYPE = YES_ERROR;
				GCC_WARN_UNDECLARED_SELECTOR = YES;
				GCC_WARN_UNINITIALIZED_AUTOS = YES_AGGRESSIVE;
				GCC_WARN_UNUSED_FUNCTION = YES;
				GCC_WARN_UNUSED_VARIABLE = YES;
				IPHONEOS_DEPLOYMENT_TARGET = 13.4;
				LD_RUNPATH_SEARCH_PATHS = (
					/usr/lib/swift,
					"$(inherited)",
				);
				LIBRARY_SEARCH_PATHS = (
					"\"$(SDKROOT)/usr/lib/swift\"",
					"\"$(TOOLCHAIN_DIR)/usr/lib/swift/$(PLATFORM_NAME)\"",
					"\"$(inherited)\"",
				);
				MTL_ENABLE_DEBUG_INFO = YES;
				ONLY_ACTIVE_ARCH = YES;
				OTHER_CFLAGS = "$(inherited)";
				OTHER_CPLUSPLUSFLAGS = (
					"$(OTHER_CFLAGS)",
					"-DFOLLY_NO_CONFIG",
					"-DFOLLY_MOBILE=1",
					"-DFOLLY_USE_LIBCPP=1",
					"-DFOLLY_CFG_NO_COROUTINES=1",
				);
				OTHER_LDFLAGS = (
					"$(inherited)",
					" ",
				);
				REACT_NATIVE_PATH = "${PODS_ROOT}/../../node_modules/react-native";
				SDKROOT = iphoneos;
				USE_HERMES = true;
			};
			name = Debug;
		};
		83CBBA211A601CBA00E9B192 /* Release */ = {
			isa = XCBuildConfiguration;
			buildSettings = {
				ALWAYS_SEARCH_USER_PATHS = NO;
				ASSETCATALOG_COMPILER_APPICON_NAME = AppIcon;
				ASSETCATALOG_COMPILER_INCLUDE_ALL_APPICON_ASSETS = Yes;
				CLANG_ANALYZER_LOCALIZABILITY_NONLOCALIZED = YES;
				CLANG_CXX_LANGUAGE_STANDARD = "c++20";
				CLANG_CXX_LIBRARY = "libc++";
				CLANG_ENABLE_MODULES = YES;
				CLANG_ENABLE_OBJC_ARC = YES;
				CLANG_WARN_BLOCK_CAPTURE_AUTORELEASING = YES;
				CLANG_WARN_BOOL_CONVERSION = YES;
				CLANG_WARN_COMMA = YES;
				CLANG_WARN_CONSTANT_CONVERSION = YES;
				CLANG_WARN_DEPRECATED_OBJC_IMPLEMENTATIONS = YES;
				CLANG_WARN_DIRECT_OBJC_ISA_USAGE = YES_ERROR;
				CLANG_WARN_EMPTY_BODY = YES;
				CLANG_WARN_ENUM_CONVERSION = YES;
				CLANG_WARN_INFINITE_RECURSION = YES;
				CLANG_WARN_INT_CONVERSION = YES;
				CLANG_WARN_NON_LITERAL_NULL_CONVERSION = YES;
				CLANG_WARN_OBJC_IMPLICIT_RETAIN_SELF = YES;
				CLANG_WARN_OBJC_LITERAL_CONVERSION = YES;
				CLANG_WARN_OBJC_ROOT_CLASS = YES_ERROR;
				CLANG_WARN_QUOTED_INCLUDE_IN_FRAMEWORK_HEADER = YES;
				CLANG_WARN_RANGE_LOOP_ANALYSIS = YES;
				CLANG_WARN_STRICT_PROTOTYPES = YES;
				CLANG_WARN_SUSPICIOUS_MOVE = YES;
				CLANG_WARN_UNREACHABLE_CODE = YES;
				CLANG_WARN__DUPLICATE_METHOD_MATCH = YES;
				"CODE_SIGN_IDENTITY[sdk=iphoneos*]" = "iPhone Developer";
				COPY_PHASE_STRIP = YES;
				ENABLE_NS_ASSERTIONS = NO;
				ENABLE_STRICT_OBJC_MSGSEND = YES;
				"EXCLUDED_ARCHS[sdk=iphonesimulator*]" = i386;
				GCC_C_LANGUAGE_STANDARD = gnu99;
				GCC_NO_COMMON_BLOCKS = YES;
				GCC_WARN_64_TO_32_BIT_CONVERSION = YES;
				GCC_WARN_ABOUT_RETURN_TYPE = YES_ERROR;
				GCC_WARN_UNDECLARED_SELECTOR = YES;
				GCC_WARN_UNINITIALIZED_AUTOS = YES_AGGRESSIVE;
				GCC_WARN_UNUSED_FUNCTION = YES;
				GCC_WARN_UNUSED_VARIABLE = YES;
				IPHONEOS_DEPLOYMENT_TARGET = 13.4;
				LD_RUNPATH_SEARCH_PATHS = (
					/usr/lib/swift,
					"$(inherited)",
				);
				LIBRARY_SEARCH_PATHS = (
					"\"$(SDKROOT)/usr/lib/swift\"",
					"\"$(TOOLCHAIN_DIR)/usr/lib/swift/$(PLATFORM_NAME)\"",
					"\"$(inherited)\"",
				);
				MTL_ENABLE_DEBUG_INFO = NO;
				OTHER_CFLAGS = "$(inherited)";
				OTHER_CPLUSPLUSFLAGS = (
					"$(OTHER_CFLAGS)",
					"-DFOLLY_NO_CONFIG",
					"-DFOLLY_MOBILE=1",
					"-DFOLLY_USE_LIBCPP=1",
					"-DFOLLY_CFG_NO_COROUTINES=1",
				);
				OTHER_LDFLAGS = (
					"$(inherited)",
					" ",
				);
				REACT_NATIVE_PATH = "${PODS_ROOT}/../../node_modules/react-native";
				SDKROOT = iphoneos;
				USE_HERMES = true;
				VALIDATE_PRODUCT = YES;
			};
			name = Release;
		};
/* End XCBuildConfiguration section */

/* Begin XCConfigurationList section */
		00E357021AD99517003FC87E /* Build configuration list for PBXNativeTarget "MaharaMobileTests" */ = {
			isa = XCConfigurationList;
			buildConfigurations = (
				00E356F61AD99517003FC87E /* Debug */,
				00E356F71AD99517003FC87E /* Release */,
			);
			defaultConfigurationIsVisible = 0;
			defaultConfigurationName = Release;
		};
		13B07F931A680F5B00A75B9A /* Build configuration list for PBXNativeTarget "MaharaMobile" */ = {
			isa = XCConfigurationList;
			buildConfigurations = (
				13B07F941A680F5B00A75B9A /* Debug */,
				13B07F951A680F5B00A75B9A /* Release */,
			);
			defaultConfigurationIsVisible = 0;
			defaultConfigurationName = Release;
		};
		83CBB9FA1A601CBA00E9B192 /* Build configuration list for PBXProject "MaharaMobile" */ = {
			isa = XCConfigurationList;
			buildConfigurations = (
				83CBBA201A601CBA00E9B192 /* Debug */,
				83CBBA211A601CBA00E9B192 /* Release */,
			);
			defaultConfigurationIsVisible = 0;
			defaultConfigurationName = Release;
		};
/* End XCConfigurationList section */
	};
	rootObject = 83CBB9F71A601CBA00E9B192 /* Project object */;
}
